
Microsoft Visual Studio Solution File, Format Version 12.00
# Visual Studio Version 16
VisualStudioVersion = 16.0.29209.62
MinimumVisualStudioVersion = 10.0.40219.1
Project("{FAE04EC0-301F-11D3-BF4B-00C04F79EFBC}") = "BridgeBeloteAddIn", "BridgeBeloteAddIn\BridgeBeloteAddIn.csproj", "{8BBEBA33-4EBB-4E94-8D24-85D88B2FAC80}"
EndProject
Project("{FAE04EC0-301F-11D3-BF4B-00C04F79EFBC}") = "BridgeBeloteLogic", "..\BridgeBeloteDealing\BridgeBeloteLogic\BridgeBeloteLogic.csproj", "{F75D497F-F23F-4A29-B705-7D0F16B1530B}"
EndProject
Global
	GlobalSection(SolutionConfigurationPlatforms) = preSolution
		Debug|Any CPU = Debug|Any CPU
		Release|Any CPU = Release|Any CPU
	EndGlobalSection
	GlobalSection(ProjectConfigurationPlatforms) = postSolution
		{8BBEBA33-4EBB-4E94-8D24-85D88B2FAC80}.Debug|Any CPU.ActiveCfg = Debug|Any CPU
		{8BBEBA33-4EBB-4E94-8D24-85D88B2FAC80}.Debug|Any CPU.Build.0 = Debug|Any CPU
		{8BBEBA33-4EBB-4E94-8D24-85D88B2FAC80}.Release|Any CPU.ActiveCfg = Release|Any CPU
		{8BBEBA33-4EBB-4E94-8D24-85D88B2FAC80}.Release|Any CPU.Build.0 = Release|Any CPU
		{F75D497F-F23F-4A29-B705-7D0F16B1530B}.Debug|Any CPU.ActiveCfg = Debug|Any CPU
		{F75D497F-F23F-4A29-B705-7D0F16B1530B}.Debug|Any CPU.Build.0 = Debug|Any CPU
		{F75D497F-F23F-4A29-B705-7D0F16B1530B}.Release|Any CPU.ActiveCfg = Release|Any CPU
		{F75D497F-F23F-4A29-B705-7D0F16B1530B}.Release|Any CPU.Build.0 = Release|Any CPU
	EndGlobalSection
	GlobalSection(SolutionProperties) = preSolution
		HideSolutionNode = FALSE
	EndGlobalSection
	GlobalSection(ExtensibilityGlobals) = postSolution
		SolutionGuid = {0227B965-B85D-4C6D-93C8-BDAD3AAD24B5}
	EndGlobalSection
EndGlobal
